
Microsoft Visual Studio Solution File, Format Version 12.00
# Visual Studio Version 17
VisualStudioVersion = 17.5.33530.505
MinimumVisualStudioVersion = 10.0.40219.1
Project("{9A19103F-16F7-4668-BE54-9A1E7A4F7556}") = "ExPluginsOld", "ExPluginsOld.csproj", "{C47F2BDC-61E2-4EEB-9D26-C079D26D3B4C}"
EndProject
Global
	GlobalSection(SolutionConfigurationPlatforms) = preSolution
		Debug|Any CPU = Debug|Any CPU
		Release|Any CPU = Release|Any CPU
	EndGlobalSection
	GlobalSection(ProjectConfigurationPlatforms) = postSolution
		{C47F2BDC-61E2-4EEB-9D26-C079D26D3B4C}.Debug|Any CPU.ActiveCfg = Debug|Any CPU
		{C47F2BDC-61E2-4EEB-9D26-C079D26D3B4C}.Debug|Any CPU.Build.0 = Debug|Any CPU
		{C47F2BDC-61E2-4EEB-9D26-C079D26D3B4C}.Release|Any CPU.ActiveCfg = Release|Any CPU
		{C47F2BDC-61E2-4EEB-9D26-C079D26D3B4C}.Release|Any CPU.Build.0 = Release|Any CPU
	EndGlobalSection
	GlobalSection(SolutionProperties) = preSolution
		HideSolutionNode = FALSE
	EndGlobalSection
	GlobalSection(ExtensibilityGlobals) = postSolution
		SolutionGuid = {3D7BE41C-4F2D-4457-8803-516A4A689E9A}
	EndGlobalSection
EndGlobal
